// !$*UTF8*$!
{
	archiveVersion = 1;
	classes = {
	};
	objectVersion = 50;
	objects = {

/* Begin PBXBuildFile section */
		3044DAAC2245228900721403 /* AppDelegate.swift in Sources */ = {isa = PBXBuildFile; fileRef = 3044DAAB2245228900721403 /* AppDelegate.swift */; };
		3044DAB32245228B00721403 /* Assets.xcassets in Resources */ = {isa = PBXBuildFile; fileRef = 3044DAB22245228B00721403 /* Assets.xcassets */; };
		307C824B224569D30029AA8A /* TourReviewNetworkSource.swift in Sources */ = {isa = PBXBuildFile; fileRef = 307C824A224569D30029AA8A /* TourReviewNetworkSource.swift */; };
		307C824E224569E60029AA8A /* ConfigurationReader.swift in Sources */ = {isa = PBXBuildFile; fileRef = 307C824D224569E50029AA8A /* ConfigurationReader.swift */; };
		307C8252224569EF0029AA8A /* TourReviewAPIResponse.swift in Sources */ = {isa = PBXBuildFile; fileRef = 307C8250224569EF0029AA8A /* TourReviewAPIResponse.swift */; };
		307C8253224569EF0029AA8A /* TourReview.swift in Sources */ = {isa = PBXBuildFile; fileRef = 307C8251224569EF0029AA8A /* TourReview.swift */; };
		307C8256224597370029AA8A /* TourReviewSourceDelegate.swift in Sources */ = {isa = PBXBuildFile; fileRef = 307C8255224597370029AA8A /* TourReviewSourceDelegate.swift */; };
		308999FD2246BD5800AB553B /* TourReviewCollectionViewController.swift in Sources */ = {isa = PBXBuildFile; fileRef = 308999FB2246BD5800AB553B /* TourReviewCollectionViewController.swift */; };
		30899A012246BE4B00AB553B /* TourReviewCollectionViewCell.swift in Sources */ = {isa = PBXBuildFile; fileRef = 308999FF2246BE4B00AB553B /* TourReviewCollectionViewCell.swift */; };
		30899A022246BE4B00AB553B /* TourReviewCollectionViewCell.xib in Resources */ = {isa = PBXBuildFile; fileRef = 30899A002246BE4B00AB553B /* TourReviewCollectionViewCell.xib */; };
		30899A072246D3D500AB553B /* TourReviewNavigationController.swift in Sources */ = {isa = PBXBuildFile; fileRef = 30899A052246D3D500AB553B /* TourReviewNavigationController.swift */; };
		30899A082246D3D500AB553B /* TourReviewNavigationController.xib in Resources */ = {isa = PBXBuildFile; fileRef = 30899A062246D3D500AB553B /* TourReviewNavigationController.xib */; };
		30899A0A2246D60E00AB553B /* Localizable.strings in Resources */ = {isa = PBXBuildFile; fileRef = 30899A092246D60E00AB553B /* Localizable.strings */; };
		30899A0C2246D72400AB553B /* TourReviewSortOrder.swift in Sources */ = {isa = PBXBuildFile; fileRef = 30899A0B2246D72400AB553B /* TourReviewSortOrder.swift */; };
		3A46C0C5198F24CFE2DF7E7F /* Pods_TourReviewBrowser.framework in Frameworks */ = {isa = PBXBuildFile; fileRef = 66A52E9ABDC4028C75EB424F /* Pods_TourReviewBrowser.framework */; };
/* End PBXBuildFile section */

/* Begin PBXFileReference section */
		3044DAA82245228900721403 /* TourReviewBrowser.app */ = {isa = PBXFileReference; explicitFileType = wrapper.application; includeInIndex = 0; path = TourReviewBrowser.app; sourceTree = BUILT_PRODUCTS_DIR; };
		3044DAAB2245228900721403 /* AppDelegate.swift */ = {isa = PBXFileReference; lastKnownFileType = sourcecode.swift; path = AppDelegate.swift; sourceTree = "<group>"; };
		3044DAB22245228B00721403 /* Assets.xcassets */ = {isa = PBXFileReference; lastKnownFileType = folder.assetcatalog; path = Assets.xcassets; sourceTree = "<group>"; };
		307C8247224568AE0029AA8A /* Info.plist */ = {isa = PBXFileReference; lastKnownFileType = text.plist.xml; path = Info.plist; sourceTree = "<group>"; };
		307C824A224569D30029AA8A /* TourReviewNetworkSource.swift */ = {isa = PBXFileReference; fileEncoding = 4; lastKnownFileType = sourcecode.swift; path = TourReviewNetworkSource.swift; sourceTree = "<group>"; };
		307C824D224569E50029AA8A /* ConfigurationReader.swift */ = {isa = PBXFileReference; fileEncoding = 4; lastKnownFileType = sourcecode.swift; path = ConfigurationReader.swift; sourceTree = "<group>"; };
		307C8250224569EF0029AA8A /* TourReviewAPIResponse.swift */ = {isa = PBXFileReference; fileEncoding = 4; lastKnownFileType = sourcecode.swift; path = TourReviewAPIResponse.swift; sourceTree = "<group>"; };
		307C8251224569EF0029AA8A /* TourReview.swift */ = {isa = PBXFileReference; fileEncoding = 4; lastKnownFileType = sourcecode.swift; path = TourReview.swift; sourceTree = "<group>"; };
		307C8255224597370029AA8A /* TourReviewSourceDelegate.swift */ = {isa = PBXFileReference; lastKnownFileType = sourcecode.swift; path = TourReviewSourceDelegate.swift; sourceTree = "<group>"; };
		308999FB2246BD5800AB553B /* TourReviewCollectionViewController.swift */ = {isa = PBXFileReference; lastKnownFileType = sourcecode.swift; path = TourReviewCollectionViewController.swift; sourceTree = "<group>"; };
		308999FF2246BE4B00AB553B /* TourReviewCollectionViewCell.swift */ = {isa = PBXFileReference; lastKnownFileType = sourcecode.swift; path = TourReviewCollectionViewCell.swift; sourceTree = "<group>"; };
		30899A002246BE4B00AB553B /* TourReviewCollectionViewCell.xib */ = {isa = PBXFileReference; lastKnownFileType = file.xib; path = TourReviewCollectionViewCell.xib; sourceTree = "<group>"; };
		30899A052246D3D500AB553B /* TourReviewNavigationController.swift */ = {isa = PBXFileReference; lastKnownFileType = sourcecode.swift; path = TourReviewNavigationController.swift; sourceTree = "<group>"; };
		30899A062246D3D500AB553B /* TourReviewNavigationController.xib */ = {isa = PBXFileReference; lastKnownFileType = file.xib; path = TourReviewNavigationController.xib; sourceTree = "<group>"; };
		30899A092246D60E00AB553B /* Localizable.strings */ = {isa = PBXFileReference; lastKnownFileType = text.plist.strings; path = Localizable.strings; sourceTree = "<group>"; };
		30899A0B2246D72400AB553B /* TourReviewSortOrder.swift */ = {isa = PBXFileReference; lastKnownFileType = sourcecode.swift; path = TourReviewSortOrder.swift; sourceTree = "<group>"; };
		66A52E9ABDC4028C75EB424F /* Pods_TourReviewBrowser.framework */ = {isa = PBXFileReference; explicitFileType = wrapper.framework; includeInIndex = 0; path = Pods_TourReviewBrowser.framework; sourceTree = BUILT_PRODUCTS_DIR; };
		72C109A8F1B1532552219DA4 /* Pods-TourReviewBrowser.debug.xcconfig */ = {isa = PBXFileReference; includeInIndex = 1; lastKnownFileType = text.xcconfig; name = "Pods-TourReviewBrowser.debug.xcconfig"; path = "Target Support Files/Pods-TourReviewBrowser/Pods-TourReviewBrowser.debug.xcconfig"; sourceTree = "<group>"; };
		7F36611F89CFAB7E5D8157B1 /* Pods-TourReviewBrowser.release.xcconfig */ = {isa = PBXFileReference; includeInIndex = 1; lastKnownFileType = text.xcconfig; name = "Pods-TourReviewBrowser.release.xcconfig"; path = "Target Support Files/Pods-TourReviewBrowser/Pods-TourReviewBrowser.release.xcconfig"; sourceTree = "<group>"; };
/* End PBXFileReference section */

/* Begin PBXFrameworksBuildPhase section */
		3044DAA52245228900721403 /* Frameworks */ = {
			isa = PBXFrameworksBuildPhase;
			buildActionMask = 2147483647;
			files = (
				3A46C0C5198F24CFE2DF7E7F /* Pods_TourReviewBrowser.framework in Frameworks */,
			);
			runOnlyForDeploymentPostprocessing = 0;
		};
/* End PBXFrameworksBuildPhase section */

/* Begin PBXGroup section */
		3044DA9F2245228900721403 = {
			isa = PBXGroup;
			children = (
				3044DAAA2245228900721403 /* TourReviewBrowser */,
				3044DAA92245228900721403 /* Products */,
				EDE27A7BEF0E0C7C5B615D2A /* Pods */,
				553730D38ACB931FE86F32E1 /* Frameworks */,
			);
			sourceTree = "<group>";
		};
		3044DAA92245228900721403 /* Products */ = {
			isa = PBXGroup;
			children = (
				3044DAA82245228900721403 /* TourReviewBrowser.app */,
			);
			name = Products;
			sourceTree = "<group>";
		};
		3044DAAA2245228900721403 /* TourReviewBrowser */ = {
			isa = PBXGroup;
			children = (
				307C8247224568AE0029AA8A /* Info.plist */,
				3044DAAB2245228900721403 /* AppDelegate.swift */,
				307C8249224569D30029AA8A /* DataSource */,
				307C824C224569E50029AA8A /* Config */,
				307C824F224569EF0029AA8A /* Model */,
				307C825422456A060029AA8A /* UI */,
			);
			path = TourReviewBrowser;
			sourceTree = "<group>";
		};
		307C8249224569D30029AA8A /* DataSource */ = {
			isa = PBXGroup;
			children = (
				307C824A224569D30029AA8A /* TourReviewNetworkSource.swift */,
				307C8255224597370029AA8A /* TourReviewSourceDelegate.swift */,
				30899A0B2246D72400AB553B /* TourReviewSortOrder.swift */,
			);
			path = DataSource;
			sourceTree = "<group>";
		};
		307C824C224569E50029AA8A /* Config */ = {
			isa = PBXGroup;
			children = (
				307C824D224569E50029AA8A /* ConfigurationReader.swift */,
			);
			path = Config;
			sourceTree = "<group>";
		};
		307C824F224569EF0029AA8A /* Model */ = {
			isa = PBXGroup;
			children = (
				307C8250224569EF0029AA8A /* TourReviewAPIResponse.swift */,
				307C8251224569EF0029AA8A /* TourReview.swift */,
			);
			path = Model;
			sourceTree = "<group>";
		};
		307C825422456A060029AA8A /* UI */ = {
			isa = PBXGroup;
			children = (
				3044DAB22245228B00721403 /* Assets.xcassets */,
				308999FB2246BD5800AB553B /* TourReviewCollectionViewController.swift */,
				308999FF2246BE4B00AB553B /* TourReviewCollectionViewCell.swift */,
				30899A002246BE4B00AB553B /* TourReviewCollectionViewCell.xib */,
				30899A052246D3D500AB553B /* TourReviewNavigationController.swift */,
				30899A062246D3D500AB553B /* TourReviewNavigationController.xib */,
				30899A092246D60E00AB553B /* Localizable.strings */,
			);
			path = UI;
			sourceTree = "<group>";
		};
		553730D38ACB931FE86F32E1 /* Frameworks */ = {
			isa = PBXGroup;
			children = (
				66A52E9ABDC4028C75EB424F /* Pods_TourReviewBrowser.framework */,
			);
			name = Frameworks;
			sourceTree = "<group>";
		};
		EDE27A7BEF0E0C7C5B615D2A /* Pods */ = {
			isa = PBXGroup;
			children = (
				72C109A8F1B1532552219DA4 /* Pods-TourReviewBrowser.debug.xcconfig */,
				7F36611F89CFAB7E5D8157B1 /* Pods-TourReviewBrowser.release.xcconfig */,
			);
			path = Pods;
			sourceTree = "<group>";
		};
/* End PBXGroup section */

/* Begin PBXNativeTarget section */
		3044DAA72245228900721403 /* TourReviewBrowser */ = {
			isa = PBXNativeTarget;
			buildConfigurationList = 3044DABA2245228B00721403 /* Build configuration list for PBXNativeTarget "TourReviewBrowser" */;
			buildPhases = (
				12F2A1800D16FCB413DD05AA /* [CP] Check Pods Manifest.lock */,
				3044DAA42245228900721403 /* Sources */,
				3044DAA52245228900721403 /* Frameworks */,
				3044DAA62245228900721403 /* Resources */,
				CDB795A6F9BCFDA7B1BDC54E /* [CP] Embed Pods Frameworks */,
			);
			buildRules = (
			);
			dependencies = (
			);
			name = TourReviewBrowser;
			productName = TourReviewBrowser;
			productReference = 3044DAA82245228900721403 /* TourReviewBrowser.app */;
			productType = "com.apple.product-type.application";
		};
/* End PBXNativeTarget section */

/* Begin PBXProject section */
		3044DAA02245228900721403 /* Project object */ = {
			isa = PBXProject;
			attributes = {
				LastSwiftUpdateCheck = 1010;
				LastUpgradeCheck = 1010;
				ORGANIZATIONNAME = "Easy Target";
				TargetAttributes = {
					3044DAA72245228900721403 = {
						CreatedOnToolsVersion = 10.1;
					};
				};
			};
			buildConfigurationList = 3044DAA32245228900721403 /* Build configuration list for PBXProject "TourReviewBrowser" */;
			compatibilityVersion = "Xcode 9.3";
			developmentRegion = en;
			hasScannedForEncodings = 0;
			knownRegions = (
				en,
				Base,
			);
			mainGroup = 3044DA9F2245228900721403;
			productRefGroup = 3044DAA92245228900721403 /* Products */;
			projectDirPath = "";
			projectRoot = "";
			targets = (
				3044DAA72245228900721403 /* TourReviewBrowser */,
			);
		};
/* End PBXProject section */

/* Begin PBXResourcesBuildPhase section */
		3044DAA62245228900721403 /* Resources */ = {
			isa = PBXResourcesBuildPhase;
			buildActionMask = 2147483647;
			files = (
				30899A082246D3D500AB553B /* TourReviewNavigationController.xib in Resources */,
				30899A0A2246D60E00AB553B /* Localizable.strings in Resources */,
				30899A022246BE4B00AB553B /* TourReviewCollectionViewCell.xib in Resources */,
				3044DAB32245228B00721403 /* Assets.xcassets in Resources */,
			);
			runOnlyForDeploymentPostprocessing = 0;
		};
/* End PBXResourcesBuildPhase section */

/* Begin PBXShellScriptBuildPhase section */
		12F2A1800D16FCB413DD05AA /* [CP] Check Pods Manifest.lock */ = {
			isa = PBXShellScriptBuildPhase;
			buildActionMask = 2147483647;
			files = (
			);
			inputFileListPaths = (
			);
			inputPaths = (
				"${PODS_PODFILE_DIR_PATH}/Podfile.lock",
				"${PODS_ROOT}/Manifest.lock",
			);
			name = "[CP] Check Pods Manifest.lock";
			outputFileListPaths = (
			);
			outputPaths = (
				"$(DERIVED_FILE_DIR)/Pods-TourReviewBrowser-checkManifestLockResult.txt",
			);
			runOnlyForDeploymentPostprocessing = 0;
			shellPath = /bin/sh;
			shellScript = "diff \"${PODS_PODFILE_DIR_PATH}/Podfile.lock\" \"${PODS_ROOT}/Manifest.lock\" > /dev/null\nif [ $? != 0 ] ; then\n    # print error to STDERR\n    echo \"error: The sandbox is not in sync with the Podfile.lock. Run 'pod install' or update your CocoaPods installation.\" >&2\n    exit 1\nfi\n# This output is used by Xcode 'outputs' to avoid re-running this script phase.\necho \"SUCCESS\" > \"${SCRIPT_OUTPUT_FILE_0}\"\n";
			showEnvVarsInLog = 0;
		};
		CDB795A6F9BCFDA7B1BDC54E /* [CP] Embed Pods Frameworks */ = {
			isa = PBXShellScriptBuildPhase;
			buildActionMask = 2147483647;
			files = (
			);
			inputFileListPaths = (
			);
			inputPaths = (
				"${PODS_ROOT}/Target Support Files/Pods-TourReviewBrowser/Pods-TourReviewBrowser-frameworks.sh",
				"${BUILT_PRODUCTS_DIR}/Siesta/Siesta.framework",
			);
			name = "[CP] Embed Pods Frameworks";
			outputFileListPaths = (
			);
			outputPaths = (
				"${TARGET_BUILD_DIR}/${FRAMEWORKS_FOLDER_PATH}/Siesta.framework",
			);
			runOnlyForDeploymentPostprocessing = 0;
			shellPath = /bin/sh;
			shellScript = "\"${PODS_ROOT}/Target Support Files/Pods-TourReviewBrowser/Pods-TourReviewBrowser-frameworks.sh\"\n";
			showEnvVarsInLog = 0;
		};
/* End PBXShellScriptBuildPhase section */

/* Begin PBXSourcesBuildPhase section */
		3044DAA42245228900721403 /* Sources */ = {
			isa = PBXSourcesBuildPhase;
			buildActionMask = 2147483647;
			files = (
				30899A012246BE4B00AB553B /* TourReviewCollectionViewCell.swift in Sources */,
				30899A072246D3D500AB553B /* TourReviewNavigationController.swift in Sources */,
				307C8256224597370029AA8A /* TourReviewSourceDelegate.swift in Sources */,
				307C824B224569D30029AA8A /* TourReviewNetworkSource.swift in Sources */,
				30899A0C2246D72400AB553B /* TourReviewSortOrder.swift in Sources */,
				308999FD2246BD5800AB553B /* TourReviewCollectionViewController.swift in Sources */,
				307C8253224569EF0029AA8A /* TourReview.swift in Sources */,
				307C8252224569EF0029AA8A /* TourReviewAPIResponse.swift in Sources */,
				3044DAAC2245228900721403 /* AppDelegate.swift in Sources */,
				307C824E224569E60029AA8A /* ConfigurationReader.swift in Sources */,
			);
			runOnlyForDeploymentPostprocessing = 0;
		};
/* End PBXSourcesBuildPhase section */

/* Begin XCBuildConfiguration section */
		3044DAB82245228B00721403 /* Debug */ = {
			isa = XCBuildConfiguration;
			buildSettings = {
				ALWAYS_SEARCH_USER_PATHS = NO;
				CLANG_ANALYZER_NONNULL = YES;
				CLANG_ANALYZER_NUMBER_OBJECT_CONVERSION = YES_AGGRESSIVE;
				CLANG_CXX_LANGUAGE_STANDARD = "gnu++14";
				CLANG_CXX_LIBRARY = "libc++";
				CLANG_ENABLE_MODULES = YES;
				CLANG_ENABLE_OBJC_ARC = YES;
				CLANG_ENABLE_OBJC_WEAK = YES;
				CLANG_WARN_BLOCK_CAPTURE_AUTORELEASING = YES;
				CLANG_WARN_BOOL_CONVERSION = YES;
				CLANG_WARN_COMMA = YES;
				CLANG_WARN_CONSTANT_CONVERSION = YES;
				CLANG_WARN_DEPRECATED_OBJC_IMPLEMENTATIONS = YES;
				CLANG_WARN_DIRECT_OBJC_ISA_USAGE = YES_ERROR;
				CLANG_WARN_DOCUMENTATION_COMMENTS = YES;
				CLANG_WARN_EMPTY_BODY = YES;
				CLANG_WARN_ENUM_CONVERSION = YES;
				CLANG_WARN_INFINITE_RECURSION = YES;
				CLANG_WARN_INT_CONVERSION = YES;
				CLANG_WARN_NON_LITERAL_NULL_CONVERSION = YES;
				CLANG_WARN_OBJC_IMPLICIT_RETAIN_SELF = YES;
				CLANG_WARN_OBJC_LITERAL_CONVERSION = YES;
				CLANG_WARN_OBJC_ROOT_CLASS = YES_ERROR;
				CLANG_WARN_RANGE_LOOP_ANALYSIS = YES;
				CLANG_WARN_STRICT_PROTOTYPES = YES;
				CLANG_WARN_SUSPICIOUS_MOVE = YES;
				CLANG_WARN_UNGUARDED_AVAILABILITY = YES_AGGRESSIVE;
				CLANG_WARN_UNREACHABLE_CODE = YES;
				CLANG_WARN__DUPLICATE_METHOD_MATCH = YES;
				CODE_SIGN_IDENTITY = "iPhone Developer";
				COPY_PHASE_STRIP = NO;
				DEBUG_INFORMATION_FORMAT = dwarf;
				ENABLE_STRICT_OBJC_MSGSEND = YES;
				ENABLE_TESTABILITY = YES;
				GCC_C_LANGUAGE_STANDARD = gnu11;
				GCC_DYNAMIC_NO_PIC = NO;
				GCC_NO_COMMON_BLOCKS = YES;
				GCC_OPTIMIZATION_LEVEL = 0;
				GCC_PREPROCESSOR_DEFINITIONS = (
					"DEBUG=1",
					"$(inherited)",
				);
				GCC_WARN_64_TO_32_BIT_CONVERSION = YES;
				GCC_WARN_ABOUT_RETURN_TYPE = YES_ERROR;
				GCC_WARN_UNDECLARED_SELECTOR = YES;
				GCC_WARN_UNINITIALIZED_AUTOS = YES_AGGRESSIVE;
				GCC_WARN_UNUSED_FUNCTION = YES;
				GCC_WARN_UNUSED_VARIABLE = YES;
				IPHONEOS_DEPLOYMENT_TARGET = 12.1;
				MTL_ENABLE_DEBUG_INFO = INCLUDE_SOURCE;
				MTL_FAST_MATH = YES;
				ONLY_ACTIVE_ARCH = YES;
				SDKROOT = iphoneos;
				SWIFT_ACTIVE_COMPILATION_CONDITIONS = DEBUG;
				SWIFT_OPTIMIZATION_LEVEL = "-Onone";
			};
			name = Debug;
		};
		3044DAB92245228B00721403 /* Release */ = {
			isa = XCBuildConfiguration;
			buildSettings = {
				ALWAYS_SEARCH_USER_PATHS = NO;
				CLANG_ANALYZER_NONNULL = YES;
				CLANG_ANALYZER_NUMBER_OBJECT_CONVERSION = YES_AGGRESSIVE;
				CLANG_CXX_LANGUAGE_STANDARD = "gnu++14";
				CLANG_CXX_LIBRARY = "libc++";
				CLANG_ENABLE_MODULES = YES;
				CLANG_ENABLE_OBJC_ARC = YES;
				CLANG_ENABLE_OBJC_WEAK = YES;
				CLANG_WARN_BLOCK_CAPTURE_AUTORELEASING = YES;
				CLANG_WARN_BOOL_CONVERSION = YES;
				CLANG_WARN_COMMA = YES;
				CLANG_WARN_CONSTANT_CONVERSION = YES;
				CLANG_WARN_DEPRECATED_OBJC_IMPLEMENTATIONS = YES;
				CLANG_WARN_DIRECT_OBJC_ISA_USAGE = YES_ERROR;
				CLANG_WARN_DOCUMENTATION_COMMENTS = YES;
				CLANG_WARN_EMPTY_BODY = YES;
				CLANG_WARN_ENUM_CONVERSION = YES;
				CLANG_WARN_INFINITE_RECURSION = YES;
				CLANG_WARN_INT_CONVERSION = YES;
				CLANG_WARN_NON_LITERAL_NULL_CONVERSION = YES;
				CLANG_WARN_OBJC_IMPLICIT_RETAIN_SELF = YES;
				CLANG_WARN_OBJC_LITERAL_CONVERSION = YES;
				CLANG_WARN_OBJC_ROOT_CLASS = YES_ERROR;
				CLANG_WARN_RANGE_LOOP_ANALYSIS = YES;
				CLANG_WARN_STRICT_PROTOTYPES = YES;
				CLANG_WARN_SUSPICIOUS_MOVE = YES;
				CLANG_WARN_UNGUARDED_AVAILABILITY = YES_AGGRESSIVE;
				CLANG_WARN_UNREACHABLE_CODE = YES;
				CLANG_WARN__DUPLICATE_METHOD_MATCH = YES;
				CODE_SIGN_IDENTITY = "iPhone Developer";
				COPY_PHASE_STRIP = NO;
				DEBUG_INFORMATION_FORMAT = "dwarf-with-dsym";
				ENABLE_NS_ASSERTIONS = NO;
				ENABLE_STRICT_OBJC_MSGSEND = YES;
				GCC_C_LANGUAGE_STANDARD = gnu11;
				GCC_NO_COMMON_BLOCKS = YES;
				GCC_WARN_64_TO_32_BIT_CONVERSION = YES;
				GCC_WARN_ABOUT_RETURN_TYPE = YES_ERROR;
				GCC_WARN_UNDECLARED_SELECTOR = YES;
				GCC_WARN_UNINITIALIZED_AUTOS = YES_AGGRESSIVE;
				GCC_WARN_UNUSED_FUNCTION = YES;
				GCC_WARN_UNUSED_VARIABLE = YES;
				IPHONEOS_DEPLOYMENT_TARGET = 12.1;
				MTL_ENABLE_DEBUG_INFO = NO;
				MTL_FAST_MATH = YES;
				SDKROOT = iphoneos;
				SWIFT_COMPILATION_MODE = wholemodule;
				SWIFT_OPTIMIZATION_LEVEL = "-O";
				VALIDATE_PRODUCT = YES;
			};
			name = Release;
		};
		3044DABB2245228B00721403 /* Debug */ = {
			isa = XCBuildConfiguration;
			baseConfigurationReference = 72C109A8F1B1532552219DA4 /* Pods-TourReviewBrowser.debug.xcconfig */;
			buildSettings = {
				ASSETCATALOG_COMPILER_APPICON_NAME = AppIcon;
				CODE_SIGN_STYLE = Automatic;
				INFOPLIST_FILE = TourReviewBrowser/Info.plist;
				LD_RUNPATH_SEARCH_PATHS = (
					"$(inherited)",
					"@executable_path/Frameworks",
				);
				PRODUCT_BUNDLE_IDENTIFIER = eu.ezytarget.TourReviewBrowser;
				PRODUCT_NAME = "$(TARGET_NAME)";
				SWIFT_VERSION = 4.2;
				TARGETED_DEVICE_FAMILY = "1,2";
			};
			name = Debug;
		};
		3044DABC2245228B00721403 /* Release */ = {
			isa = XCBuildConfiguration;
			baseConfigurationReference = 7F36611F89CFAB7E5D8157B1 /* Pods-TourReviewBrowser.release.xcconfig */;
			buildSettings = {
				ASSETCATALOG_COMPILER_APPICON_NAME = AppIcon;
				CODE_SIGN_STYLE = Automatic;
				INFOPLIST_FILE = TourReviewBrowser/Info.plist;
				LD_RUNPATH_SEARCH_PATHS = (
					"$(inherited)",
					"@executable_path/Frameworks",
				);
				PRODUCT_BUNDLE_IDENTIFIER = eu.ezytarget.TourReviewBrowser;
				PRODUCT_NAME = "$(TARGET_NAME)";
				SWIFT_VERSION = 4.2;
				TARGETED_DEVICE_FAMILY = "1,2";
			};
			name = Release;
		};
/* End XCBuildConfiguration section */

/* Begin XCConfigurationList section */
		3044DAA32245228900721403 /* Build configuration list for PBXProject "TourReviewBrowser" */ = {
			isa = XCConfigurationList;
			buildConfigurations = (
				3044DAB82245228B00721403 /* Debug */,
				3044DAB92245228B00721403 /* Release */,
			);
			defaultConfigurationIsVisible = 0;
			defaultConfigurationName = Release;
		};
		3044DABA2245228B00721403 /* Build configuration list for PBXNativeTarget "TourReviewBrowser" */ = {
			isa = XCConfigurationList;
			buildConfigurations = (
				3044DABB2245228B00721403 /* Debug */,
				3044DABC2245228B00721403 /* Release */,
			);
			defaultConfigurationIsVisible = 0;
			defaultConfigurationName = Release;
		};
/* End XCConfigurationList section */
	};
	rootObject = 3044DAA02245228900721403 /* Project object */;
}
